// !$*UTF8*$!
{
	archiveVersion = 1;
	classes = {
	};
	objectVersion = 51;
	objects = {

/* Begin PBXBuildFile section */
		13B07FBC1A68108700A75B9A /* AppDelegate.m in Sources */ = {isa = PBXBuildFile; fileRef = 13B07FB01A68108700A75B9A /* AppDelegate.m */; };
		13B07FBD1A68108700A75B9A /* LaunchScreen.xib in Resources */ = {isa = PBXBuildFile; fileRef = 13B07FB11A68108700A75B9A /* LaunchScreen.xib */; };
		13B07FBF1A68108700A75B9A /* Images.xcassets in Resources */ = {isa = PBXBuildFile; fileRef = 13B07FB51A68108700A75B9A /* Images.xcassets */; };
		13B07FC11A68108700A75B9A /* main.m in Sources */ = {isa = PBXBuildFile; fileRef = 13B07FB71A68108700A75B9A /* main.m */; };
		1956CB50CCC546A98D24C053 /* SimpleLineIcons.ttf in Resources */ = {isa = PBXBuildFile; fileRef = 2E07668647334487AEB7F732 /* SimpleLineIcons.ttf */; };
		3ADF709D824744E5B3C412D0 /* Fontisto.ttf in Resources */ = {isa = PBXBuildFile; fileRef = 1E4CE46CB8834339828A5D9E /* Fontisto.ttf */; };
		48FA2D710F984845B45DD1D1 /* Entypo.ttf in Resources */ = {isa = PBXBuildFile; fileRef = 73E363C09AD14B118D3FC451 /* Entypo.ttf */; };
		4DCAE5B0204547E48F0FF387 /* Octicons.ttf in Resources */ = {isa = PBXBuildFile; fileRef = 934E1C8BA2754F0B8636EB33 /* Octicons.ttf */; };
		4E0C1F17AF324F719098CDD9 /* FontAwesome5_Regular.ttf in Resources */ = {isa = PBXBuildFile; fileRef = BD098BCC4BA74660B1EDCFC6 /* FontAwesome5_Regular.ttf */; };
		50E5B3721BF34527A49B18A4 /* Feather.ttf in Resources */ = {isa = PBXBuildFile; fileRef = 6C73BF08DB0641038CC36B73 /* Feather.ttf */; };
		68C9B63A2D324397B8C85E6A /* Ionicons.ttf in Resources */ = {isa = PBXBuildFile; fileRef = E9E103C0AD1B4ACABEFCAA37 /* Ionicons.ttf */; };
		7055201222EE40E68B190DC4 /* MaterialIcons.ttf in Resources */ = {isa = PBXBuildFile; fileRef = D416D386DBA7467CB6BC1F44 /* MaterialIcons.ttf */; };
		830F711F3346407DBDF99D24 /* EvilIcons.ttf in Resources */ = {isa = PBXBuildFile; fileRef = 852FB49DA95645B5AA8105C2 /* EvilIcons.ttf */; };
		83997CD7FABA4B5E842CBBDF /* FontAwesome5_Solid.ttf in Resources */ = {isa = PBXBuildFile; fileRef = 5D1EC4513FD34FEDB7ADC6EC /* FontAwesome5_Solid.ttf */; };
		93EF294B161D4AA19493FC98 /* AntDesign.ttf in Resources */ = {isa = PBXBuildFile; fileRef = DDEA8E2D8392486285B2FF56 /* AntDesign.ttf */; };
		C1B83214DE794B5C9B823F88 /* FontAwesome.ttf in Resources */ = {isa = PBXBuildFile; fileRef = BD622E979D7E41D1B10ECB37 /* FontAwesome.ttf */; };
		C2473154D41F4B1A80BE5D59 /* Zocial.ttf in Resources */ = {isa = PBXBuildFile; fileRef = D91B7FF5E33042E88F01FAF1 /* Zocial.ttf */; };
		C7A3B407FCA848168EC19694 /* FontAwesome5_Brands.ttf in Resources */ = {isa = PBXBuildFile; fileRef = 4489291BC5174019B7E09B27 /* FontAwesome5_Brands.ttf */; };
		EE3A5ABF016A214EBF2224EF /* libPods-VoiceTest.a in Frameworks */ = {isa = PBXBuildFile; fileRef = DAAE64238395BA9459E76A78 /* libPods-VoiceTest.a */; };
		F3B9F2B20D5A49C2A1CAB5D0 /* Foundation.ttf in Resources */ = {isa = PBXBuildFile; fileRef = E6BEA4108F084BD19D054806 /* Foundation.ttf */; };
		FFBB749C0D2945028C225D06 /* MaterialCommunityIcons.ttf in Resources */ = {isa = PBXBuildFile; fileRef = 75C4B2E574F443489D2A9AC1 /* MaterialCommunityIcons.ttf */; };
/* End PBXBuildFile section */

/* Begin PBXFileReference section */
		008F07F21AC5B25A0029DE68 /* main.jsbundle */ = {isa = PBXFileReference; fileEncoding = 4; lastKnownFileType = text; path = main.jsbundle; sourceTree = "<group>"; };
		00E356F11AD99517003FC87E /* Info.plist */ = {isa = PBXFileReference; lastKnownFileType = text.plist.xml; path = Info.plist; sourceTree = "<group>"; };
		00E356F21AD99517003FC87E /* VoiceTestTests.m */ = {isa = PBXFileReference; lastKnownFileType = sourcecode.c.objc; path = VoiceTestTests.m; sourceTree = "<group>"; };
		13B07F961A680F5B00A75B9A /* VoiceTest.app */ = {isa = PBXFileReference; explicitFileType = wrapper.application; includeInIndex = 0; path = VoiceTest.app; sourceTree = BUILT_PRODUCTS_DIR; };
		13B07FAF1A68108700A75B9A /* AppDelegate.h */ = {isa = PBXFileReference; fileEncoding = 4; lastKnownFileType = sourcecode.c.h; name = AppDelegate.h; path = VoiceTest/AppDelegate.h; sourceTree = "<group>"; };
		13B07FB01A68108700A75B9A /* AppDelegate.m */ = {isa = PBXFileReference; fileEncoding = 4; lastKnownFileType = sourcecode.c.objc; name = AppDelegate.m; path = VoiceTest/AppDelegate.m; sourceTree = "<group>"; };
		13B07FB21A68108700A75B9A /* Base */ = {isa = PBXFileReference; lastKnownFileType = file.xib; name = Base; path = Base.lproj/LaunchScreen.xib; sourceTree = "<group>"; };
		13B07FB51A68108700A75B9A /* Images.xcassets */ = {isa = PBXFileReference; lastKnownFileType = folder.assetcatalog; name = Images.xcassets; path = VoiceTest/Images.xcassets; sourceTree = "<group>"; };
		13B07FB61A68108700A75B9A /* Info.plist */ = {isa = PBXFileReference; fileEncoding = 4; lastKnownFileType = text.plist.xml; name = Info.plist; path = VoiceTest/Info.plist; sourceTree = "<group>"; };
		13B07FB71A68108700A75B9A /* main.m */ = {isa = PBXFileReference; fileEncoding = 4; lastKnownFileType = sourcecode.c.objc; name = main.m; path = VoiceTest/main.m; sourceTree = "<group>"; };
		1E4CE46CB8834339828A5D9E /* Fontisto.ttf */ = {isa = PBXFileReference; explicitFileType = undefined; fileEncoding = 9; includeInIndex = 0; lastKnownFileType = unknown; name = Fontisto.ttf; path = "../node_modules/react-native-vector-icons/Fonts/Fontisto.ttf"; sourceTree = "<group>"; };
		2E07668647334487AEB7F732 /* SimpleLineIcons.ttf */ = {isa = PBXFileReference; explicitFileType = undefined; fileEncoding = 9; includeInIndex = 0; lastKnownFileType = unknown; name = SimpleLineIcons.ttf; path = "../node_modules/react-native-vector-icons/Fonts/SimpleLineIcons.ttf"; sourceTree = "<group>"; };
		3F313861BAED832B480131DF /* Pods-VoiceTest.release.xcconfig */ = {isa = PBXFileReference; includeInIndex = 1; lastKnownFileType = text.xcconfig; name = "Pods-VoiceTest.release.xcconfig"; path = "Target Support Files/Pods-VoiceTest/Pods-VoiceTest.release.xcconfig"; sourceTree = "<group>"; };
		43A5EDC7828E47A16E794FE9 /* libPods-VoiceTest-tvOS.a */ = {isa = PBXFileReference; explicitFileType = archive.ar; includeInIndex = 0; path = "libPods-VoiceTest-tvOS.a"; sourceTree = BUILT_PRODUCTS_DIR; };
		4489291BC5174019B7E09B27 /* FontAwesome5_Brands.ttf */ = {isa = PBXFileReference; explicitFileType = undefined; fileEncoding = 9; includeInIndex = 0; lastKnownFileType = unknown; name = FontAwesome5_Brands.ttf; path = "../node_modules/react-native-vector-icons/Fonts/FontAwesome5_Brands.ttf"; sourceTree = "<group>"; };
		50A2CA82AEBEE5D397C14DEC /* Pods-VoiceTestTests.debug.xcconfig */ = {isa = PBXFileReference; includeInIndex = 1; lastKnownFileType = text.xcconfig; name = "Pods-VoiceTestTests.debug.xcconfig"; path = "Target Support Files/Pods-VoiceTestTests/Pods-VoiceTestTests.debug.xcconfig"; sourceTree = "<group>"; };
		523FF70696B8D851A3F12150 /* Pods-VoiceTest-tvOS.debug.xcconfig */ = {isa = PBXFileReference; includeInIndex = 1; lastKnownFileType = text.xcconfig; name = "Pods-VoiceTest-tvOS.debug.xcconfig"; path = "Target Support Files/Pods-VoiceTest-tvOS/Pods-VoiceTest-tvOS.debug.xcconfig"; sourceTree = "<group>"; };
		55D5FD061B09499B139EA24B /* Pods-VoiceTest-tvOS.release.xcconfig */ = {isa = PBXFileReference; includeInIndex = 1; lastKnownFileType = text.xcconfig; name = "Pods-VoiceTest-tvOS.release.xcconfig"; path = "Target Support Files/Pods-VoiceTest-tvOS/Pods-VoiceTest-tvOS.release.xcconfig"; sourceTree = "<group>"; };
		5D1EC4513FD34FEDB7ADC6EC /* FontAwesome5_Solid.ttf */ = {isa = PBXFileReference; explicitFileType = undefined; fileEncoding = 9; includeInIndex = 0; lastKnownFileType = unknown; name = FontAwesome5_Solid.ttf; path = "../node_modules/react-native-vector-icons/Fonts/FontAwesome5_Solid.ttf"; sourceTree = "<group>"; };
		6C73BF08DB0641038CC36B73 /* Feather.ttf */ = {isa = PBXFileReference; explicitFileType = undefined; fileEncoding = 9; includeInIndex = 0; lastKnownFileType = unknown; name = Feather.ttf; path = "../node_modules/react-native-vector-icons/Fonts/Feather.ttf"; sourceTree = "<group>"; };
		73E363C09AD14B118D3FC451 /* Entypo.ttf */ = {isa = PBXFileReference; explicitFileType = undefined; fileEncoding = 9; includeInIndex = 0; lastKnownFileType = unknown; name = Entypo.ttf; path = "../node_modules/react-native-vector-icons/Fonts/Entypo.ttf"; sourceTree = "<group>"; };
		75C4B2E574F443489D2A9AC1 /* MaterialCommunityIcons.ttf */ = {isa = PBXFileReference; explicitFileType = undefined; fileEncoding = 9; includeInIndex = 0; lastKnownFileType = unknown; name = MaterialCommunityIcons.ttf; path = "../node_modules/react-native-vector-icons/Fonts/MaterialCommunityIcons.ttf"; sourceTree = "<group>"; };
		82A49B92D22E6D31C490371D /* Pods-VoiceTest.debug.xcconfig */ = {isa = PBXFileReference; includeInIndex = 1; lastKnownFileType = text.xcconfig; name = "Pods-VoiceTest.debug.xcconfig"; path = "Target Support Files/Pods-VoiceTest/Pods-VoiceTest.debug.xcconfig"; sourceTree = "<group>"; };
		852FB49DA95645B5AA8105C2 /* EvilIcons.ttf */ = {isa = PBXFileReference; explicitFileType = undefined; fileEncoding = 9; includeInIndex = 0; lastKnownFileType = unknown; name = EvilIcons.ttf; path = "../node_modules/react-native-vector-icons/Fonts/EvilIcons.ttf"; sourceTree = "<group>"; };
		934E1C8BA2754F0B8636EB33 /* Octicons.ttf */ = {isa = PBXFileReference; explicitFileType = undefined; fileEncoding = 9; includeInIndex = 0; lastKnownFileType = unknown; name = Octicons.ttf; path = "../node_modules/react-native-vector-icons/Fonts/Octicons.ttf"; sourceTree = "<group>"; };
		A6CB904C0CD63196605A9DF5 /* Pods-VoiceTestTests.release.xcconfig */ = {isa = PBXFileReference; includeInIndex = 1; lastKnownFileType = text.xcconfig; name = "Pods-VoiceTestTests.release.xcconfig"; path = "Target Support Files/Pods-VoiceTestTests/Pods-VoiceTestTests.release.xcconfig"; sourceTree = "<group>"; };
		A6D1082C461458AC49FD942E /* libPods-VoiceTestTests.a */ = {isa = PBXFileReference; explicitFileType = archive.ar; includeInIndex = 0; path = "libPods-VoiceTestTests.a"; sourceTree = BUILT_PRODUCTS_DIR; };
		AB1BBEC79BF6977092518AC7 /* libPods-VoiceTest-tvOSTests.a */ = {isa = PBXFileReference; explicitFileType = archive.ar; includeInIndex = 0; path = "libPods-VoiceTest-tvOSTests.a"; sourceTree = BUILT_PRODUCTS_DIR; };
		BD098BCC4BA74660B1EDCFC6 /* FontAwesome5_Regular.ttf */ = {isa = PBXFileReference; explicitFileType = undefined; fileEncoding = 9; includeInIndex = 0; lastKnownFileType = unknown; name = FontAwesome5_Regular.ttf; path = "../node_modules/react-native-vector-icons/Fonts/FontAwesome5_Regular.ttf"; sourceTree = "<group>"; };
		BD622E979D7E41D1B10ECB37 /* FontAwesome.ttf */ = {isa = PBXFileReference; explicitFileType = undefined; fileEncoding = 9; includeInIndex = 0; lastKnownFileType = unknown; name = FontAwesome.ttf; path = "../node_modules/react-native-vector-icons/Fonts/FontAwesome.ttf"; sourceTree = "<group>"; };
		D416D386DBA7467CB6BC1F44 /* MaterialIcons.ttf */ = {isa = PBXFileReference; explicitFileType = undefined; fileEncoding = 9; includeInIndex = 0; lastKnownFileType = unknown; name = MaterialIcons.ttf; path = "../node_modules/react-native-vector-icons/Fonts/MaterialIcons.ttf"; sourceTree = "<group>"; };
		D91B7FF5E33042E88F01FAF1 /* Zocial.ttf */ = {isa = PBXFileReference; explicitFileType = undefined; fileEncoding = 9; includeInIndex = 0; lastKnownFileType = unknown; name = Zocial.ttf; path = "../node_modules/react-native-vector-icons/Fonts/Zocial.ttf"; sourceTree = "<group>"; };
		DAAE64238395BA9459E76A78 /* libPods-VoiceTest.a */ = {isa = PBXFileReference; explicitFileType = archive.ar; includeInIndex = 0; path = "libPods-VoiceTest.a"; sourceTree = BUILT_PRODUCTS_DIR; };
		DDEA8E2D8392486285B2FF56 /* AntDesign.ttf */ = {isa = PBXFileReference; explicitFileType = undefined; fileEncoding = 9; includeInIndex = 0; lastKnownFileType = unknown; name = AntDesign.ttf; path = "../node_modules/react-native-vector-icons/Fonts/AntDesign.ttf"; sourceTree = "<group>"; };
		E6BEA4108F084BD19D054806 /* Foundation.ttf */ = {isa = PBXFileReference; explicitFileType = undefined; fileEncoding = 9; includeInIndex = 0; lastKnownFileType = unknown; name = Foundation.ttf; path = "../node_modules/react-native-vector-icons/Fonts/Foundation.ttf"; sourceTree = "<group>"; };
		E9E103C0AD1B4ACABEFCAA37 /* Ionicons.ttf */ = {isa = PBXFileReference; explicitFileType = undefined; fileEncoding = 9; includeInIndex = 0; lastKnownFileType = unknown; name = Ionicons.ttf; path = "../node_modules/react-native-vector-icons/Fonts/Ionicons.ttf"; sourceTree = "<group>"; };
		ED297162215061F000B7C4FE /* JavaScriptCore.framework */ = {isa = PBXFileReference; lastKnownFileType = wrapper.framework; name = JavaScriptCore.framework; path = System/Library/Frameworks/JavaScriptCore.framework; sourceTree = SDKROOT; };
		ED2971642150620600B7C4FE /* JavaScriptCore.framework */ = {isa = PBXFileReference; lastKnownFileType = wrapper.framework; name = JavaScriptCore.framework; path = Platforms/AppleTVOS.platform/Developer/SDKs/AppleTVOS12.0.sdk/System/Library/Frameworks/JavaScriptCore.framework; sourceTree = DEVELOPER_DIR; };
		F5E58DE76F66D93C56B3C8B9 /* Pods-VoiceTest-tvOSTests.release.xcconfig */ = {isa = PBXFileReference; includeInIndex = 1; lastKnownFileType = text.xcconfig; name = "Pods-VoiceTest-tvOSTests.release.xcconfig"; path = "Target Support Files/Pods-VoiceTest-tvOSTests/Pods-VoiceTest-tvOSTests.release.xcconfig"; sourceTree = "<group>"; };
		F915BBC4D01F13FC04563ED6 /* Pods-VoiceTest-tvOSTests.debug.xcconfig */ = {isa = PBXFileReference; includeInIndex = 1; lastKnownFileType = text.xcconfig; name = "Pods-VoiceTest-tvOSTests.debug.xcconfig"; path = "Target Support Files/Pods-VoiceTest-tvOSTests/Pods-VoiceTest-tvOSTests.debug.xcconfig"; sourceTree = "<group>"; };
/* End PBXFileReference section */

/* Begin PBXFrameworksBuildPhase section */
		13B07F8C1A680F5B00A75B9A /* Frameworks */ = {
			isa = PBXFrameworksBuildPhase;
			buildActionMask = 2147483647;
			files = (
				EE3A5ABF016A214EBF2224EF /* libPods-VoiceTest.a in Frameworks */,
			);
			runOnlyForDeploymentPostprocessing = 0;
		};
/* End PBXFrameworksBuildPhase section */

/* Begin PBXGroup section */
		00E356EF1AD99517003FC87E /* VoiceTestTests */ = {
			isa = PBXGroup;
			children = (
				00E356F21AD99517003FC87E /* VoiceTestTests.m */,
				00E356F01AD99517003FC87E /* Supporting Files */,
			);
			path = VoiceTestTests;
			sourceTree = "<group>";
		};
		00E356F01AD99517003FC87E /* Supporting Files */ = {
			isa = PBXGroup;
			children = (
				00E356F11AD99517003FC87E /* Info.plist */,
			);
			name = "Supporting Files";
			sourceTree = "<group>";
		};
		13B07FAE1A68108700A75B9A /* VoiceTest */ = {
			isa = PBXGroup;
			children = (
				008F07F21AC5B25A0029DE68 /* main.jsbundle */,
				13B07FAF1A68108700A75B9A /* AppDelegate.h */,
				13B07FB01A68108700A75B9A /* AppDelegate.m */,
				13B07FB51A68108700A75B9A /* Images.xcassets */,
				13B07FB61A68108700A75B9A /* Info.plist */,
				13B07FB11A68108700A75B9A /* LaunchScreen.xib */,
				13B07FB71A68108700A75B9A /* main.m */,
			);
			name = VoiceTest;
			sourceTree = "<group>";
		};
		2D16E6871FA4F8E400B85C8A /* Frameworks */ = {
			isa = PBXGroup;
			children = (
				ED297162215061F000B7C4FE /* JavaScriptCore.framework */,
				ED2971642150620600B7C4FE /* JavaScriptCore.framework */,
				DAAE64238395BA9459E76A78 /* libPods-VoiceTest.a */,
				43A5EDC7828E47A16E794FE9 /* libPods-VoiceTest-tvOS.a */,
				AB1BBEC79BF6977092518AC7 /* libPods-VoiceTest-tvOSTests.a */,
				A6D1082C461458AC49FD942E /* libPods-VoiceTestTests.a */,
			);
			name = Frameworks;
			sourceTree = "<group>";
		};
		62CCB13581734301A7D015B9 /* Resources */ = {
			isa = PBXGroup;
			children = (
				DDEA8E2D8392486285B2FF56 /* AntDesign.ttf */,
				73E363C09AD14B118D3FC451 /* Entypo.ttf */,
				852FB49DA95645B5AA8105C2 /* EvilIcons.ttf */,
				6C73BF08DB0641038CC36B73 /* Feather.ttf */,
				BD622E979D7E41D1B10ECB37 /* FontAwesome.ttf */,
				4489291BC5174019B7E09B27 /* FontAwesome5_Brands.ttf */,
				BD098BCC4BA74660B1EDCFC6 /* FontAwesome5_Regular.ttf */,
				5D1EC4513FD34FEDB7ADC6EC /* FontAwesome5_Solid.ttf */,
				1E4CE46CB8834339828A5D9E /* Fontisto.ttf */,
				E6BEA4108F084BD19D054806 /* Foundation.ttf */,
				E9E103C0AD1B4ACABEFCAA37 /* Ionicons.ttf */,
				75C4B2E574F443489D2A9AC1 /* MaterialCommunityIcons.ttf */,
				D416D386DBA7467CB6BC1F44 /* MaterialIcons.ttf */,
				934E1C8BA2754F0B8636EB33 /* Octicons.ttf */,
				2E07668647334487AEB7F732 /* SimpleLineIcons.ttf */,
				D91B7FF5E33042E88F01FAF1 /* Zocial.ttf */,
			);
			name = Resources;
			sourceTree = "<group>";
		};
		832341AE1AAA6A7D00B99B32 /* Libraries */ = {
			isa = PBXGroup;
			children = (
			);
			name = Libraries;
			sourceTree = "<group>";
		};
		83CBB9F61A601CBA00E9B192 = {
			isa = PBXGroup;
			children = (
				13B07FAE1A68108700A75B9A /* VoiceTest */,
				832341AE1AAA6A7D00B99B32 /* Libraries */,
				00E356EF1AD99517003FC87E /* VoiceTestTests */,
				83CBBA001A601CBA00E9B192 /* Products */,
				2D16E6871FA4F8E400B85C8A /* Frameworks */,
				88BADCB932C2AF1A430F4056 /* Pods */,
				62CCB13581734301A7D015B9 /* Resources */,
			);
			indentWidth = 2;
			sourceTree = "<group>";
			tabWidth = 2;
			usesTabs = 0;
		};
		83CBBA001A601CBA00E9B192 /* Products */ = {
			isa = PBXGroup;
			children = (
				13B07F961A680F5B00A75B9A /* VoiceTest.app */,
			);
			name = Products;
			sourceTree = "<group>";
		};
		88BADCB932C2AF1A430F4056 /* Pods */ = {
			isa = PBXGroup;
			children = (
				82A49B92D22E6D31C490371D /* Pods-VoiceTest.debug.xcconfig */,
				3F313861BAED832B480131DF /* Pods-VoiceTest.release.xcconfig */,
				523FF70696B8D851A3F12150 /* Pods-VoiceTest-tvOS.debug.xcconfig */,
				55D5FD061B09499B139EA24B /* Pods-VoiceTest-tvOS.release.xcconfig */,
				F915BBC4D01F13FC04563ED6 /* Pods-VoiceTest-tvOSTests.debug.xcconfig */,
				F5E58DE76F66D93C56B3C8B9 /* Pods-VoiceTest-tvOSTests.release.xcconfig */,
				50A2CA82AEBEE5D397C14DEC /* Pods-VoiceTestTests.debug.xcconfig */,
				A6CB904C0CD63196605A9DF5 /* Pods-VoiceTestTests.release.xcconfig */,
			);
			path = Pods;
			sourceTree = "<group>";
		};
/* End PBXGroup section */

/* Begin PBXNativeTarget section */
		13B07F861A680F5B00A75B9A /* VoiceTest */ = {
			isa = PBXNativeTarget;
			buildConfigurationList = 13B07F931A680F5B00A75B9A /* Build configuration list for PBXNativeTarget "VoiceTest" */;
			buildPhases = (
				9F5A0C5D67E9B4507B573482 /* [CP] Check Pods Manifest.lock */,
				FD10A7F022414F080027D42C /* Start Packager */,
				13B07F871A680F5B00A75B9A /* Sources */,
				13B07F8C1A680F5B00A75B9A /* Frameworks */,
				13B07F8E1A680F5B00A75B9A /* Resources */,
				00DD1BFF1BD5951E006B06BC /* Bundle React Native code and images */,
				B3211FEE92D8C001AAB428DF /* [CP] Copy Pods Resources */,
			);
			buildRules = (
			);
			dependencies = (
			);
			name = VoiceTest;
			productName = VoiceTest;
			productReference = 13B07F961A680F5B00A75B9A /* VoiceTest.app */;
			productType = "com.apple.product-type.application";
		};
/* End PBXNativeTarget section */

/* Begin PBXProject section */
		83CBB9F71A601CBA00E9B192 /* Project object */ = {
			isa = PBXProject;
			attributes = {
				LastUpgradeCheck = 1140;
				ORGANIZATIONNAME = Facebook;
			};
			buildConfigurationList = 83CBB9FA1A601CBA00E9B192 /* Build configuration list for PBXProject "VoiceTest" */;
			compatibilityVersion = "Xcode 10.0";
			developmentRegion = en;
			hasScannedForEncodings = 0;
			knownRegions = (
				en,
				Base,
			);
			mainGroup = 83CBB9F61A601CBA00E9B192;
			productRefGroup = 83CBBA001A601CBA00E9B192 /* Products */;
			projectDirPath = "";
			projectRoot = "";
			targets = (
				13B07F861A680F5B00A75B9A /* VoiceTest */,
			);
		};
/* End PBXProject section */

/* Begin PBXResourcesBuildPhase section */
		13B07F8E1A680F5B00A75B9A /* Resources */ = {
			isa = PBXResourcesBuildPhase;
			buildActionMask = 2147483647;
			files = (
				13B07FBF1A68108700A75B9A /* Images.xcassets in Resources */,
				13B07FBD1A68108700A75B9A /* LaunchScreen.xib in Resources */,
				93EF294B161D4AA19493FC98 /* AntDesign.ttf in Resources */,
				48FA2D710F984845B45DD1D1 /* Entypo.ttf in Resources */,
				830F711F3346407DBDF99D24 /* EvilIcons.ttf in Resources */,
				50E5B3721BF34527A49B18A4 /* Feather.ttf in Resources */,
				C1B83214DE794B5C9B823F88 /* FontAwesome.ttf in Resources */,
				C7A3B407FCA848168EC19694 /* FontAwesome5_Brands.ttf in Resources */,
				4E0C1F17AF324F719098CDD9 /* FontAwesome5_Regular.ttf in Resources */,
				83997CD7FABA4B5E842CBBDF /* FontAwesome5_Solid.ttf in Resources */,
				3ADF709D824744E5B3C412D0 /* Fontisto.ttf in Resources */,
				F3B9F2B20D5A49C2A1CAB5D0 /* Foundation.ttf in Resources */,
				68C9B63A2D324397B8C85E6A /* Ionicons.ttf in Resources */,
				FFBB749C0D2945028C225D06 /* MaterialCommunityIcons.ttf in Resources */,
				7055201222EE40E68B190DC4 /* MaterialIcons.ttf in Resources */,
				4DCAE5B0204547E48F0FF387 /* Octicons.ttf in Resources */,
				1956CB50CCC546A98D24C053 /* SimpleLineIcons.ttf in Resources */,
				C2473154D41F4B1A80BE5D59 /* Zocial.ttf in Resources */,
			);
			runOnlyForDeploymentPostprocessing = 0;
		};
/* End PBXResourcesBuildPhase section */

/* Begin PBXShellScriptBuildPhase section */
		00DD1BFF1BD5951E006B06BC /* Bundle React Native code and images */ = {
			isa = PBXShellScriptBuildPhase;
			buildActionMask = 2147483647;
			files = (
			);
			inputPaths = (
			);
			name = "Bundle React Native code and images";
			outputPaths = (
			);
			runOnlyForDeploymentPostprocessing = 0;
			shellPath = /bin/sh;
			shellScript = "export NODE_BINARY=node\n../node_modules/react-native/scripts/react-native-xcode.sh";
		};
		9F5A0C5D67E9B4507B573482 /* [CP] Check Pods Manifest.lock */ = {
			isa = PBXShellScriptBuildPhase;
			buildActionMask = 2147483647;
			files = (
			);
			inputFileListPaths = (
			);
			inputPaths = (
				"${PODS_PODFILE_DIR_PATH}/Podfile.lock",
				"${PODS_ROOT}/Manifest.lock",
			);
			name = "[CP] Check Pods Manifest.lock";
			outputFileListPaths = (
			);
			outputPaths = (
				"$(DERIVED_FILE_DIR)/Pods-VoiceTest-checkManifestLockResult.txt",
			);
			runOnlyForDeploymentPostprocessing = 0;
			shellPath = /bin/sh;
			shellScript = "diff \"${PODS_PODFILE_DIR_PATH}/Podfile.lock\" \"${PODS_ROOT}/Manifest.lock\" > /dev/null\nif [ $? != 0 ] ; then\n    # print error to STDERR\n    echo \"error: The sandbox is not in sync with the Podfile.lock. Run 'pod install' or update your CocoaPods installation.\" >&2\n    exit 1\nfi\n# This output is used by Xcode 'outputs' to avoid re-running this script phase.\necho \"SUCCESS\" > \"${SCRIPT_OUTPUT_FILE_0}\"\n";
			showEnvVarsInLog = 0;
		};
		B3211FEE92D8C001AAB428DF /* [CP] Copy Pods Resources */ = {
			isa = PBXShellScriptBuildPhase;
			buildActionMask = 2147483647;
			files = (
			);
			inputFileListPaths = (
				"${PODS_ROOT}/Target Support Files/Pods-VoiceTest/Pods-VoiceTest-resources-${CONFIGURATION}-input-files.xcfilelist",
			);
			name = "[CP] Copy Pods Resources";
			outputFileListPaths = (
				"${PODS_ROOT}/Target Support Files/Pods-VoiceTest/Pods-VoiceTest-resources-${CONFIGURATION}-output-files.xcfilelist",
			);
			runOnlyForDeploymentPostprocessing = 0;
			shellPath = /bin/sh;
			shellScript = "\"${PODS_ROOT}/Target Support Files/Pods-VoiceTest/Pods-VoiceTest-resources.sh\"\n";
			showEnvVarsInLog = 0;
		};
		FD10A7F022414F080027D42C /* Start Packager */ = {
			isa = PBXShellScriptBuildPhase;
			buildActionMask = 2147483647;
			files = (
			);
			inputFileListPaths = (
			);
			inputPaths = (
			);
			name = "Start Packager";
			outputFileListPaths = (
			);
			outputPaths = (
			);
			runOnlyForDeploymentPostprocessing = 0;
			shellPath = /bin/sh;
			shellScript = "export RCT_METRO_PORT=\"${RCT_METRO_PORT:=8081}\"\necho \"export RCT_METRO_PORT=${RCT_METRO_PORT}\" > \"${SRCROOT}/../node_modules/react-native/scripts/.packager.env\"\nif [ -z \"${RCT_NO_LAUNCH_PACKAGER+xxx}\" ] ; then\n  if nc -w 5 -z localhost ${RCT_METRO_PORT} ; then\n    if ! curl -s \"http://localhost:${RCT_METRO_PORT}/status\" | grep -q \"packager-status:running\" ; then\n      echo \"Port ${RCT_METRO_PORT} already in use, packager is either not running or not running correctly\"\n      exit 2\n    fi\n  else\n    open \"$SRCROOT/../node_modules/react-native/scripts/launchPackager.command\" || echo \"Can't start packager automatically\"\n  fi\nfi\n";
			showEnvVarsInLog = 0;
		};
/* End PBXShellScriptBuildPhase section */

/* Begin PBXSourcesBuildPhase section */
		13B07F871A680F5B00A75B9A /* Sources */ = {
			isa = PBXSourcesBuildPhase;
			buildActionMask = 2147483647;
			files = (
				13B07FBC1A68108700A75B9A /* AppDelegate.m in Sources */,
				13B07FC11A68108700A75B9A /* main.m in Sources */,
			);
			runOnlyForDeploymentPostprocessing = 0;
		};
/* End PBXSourcesBuildPhase section */

/* Begin PBXVariantGroup section */
		13B07FB11A68108700A75B9A /* LaunchScreen.xib */ = {
			isa = PBXVariantGroup;
			children = (
				13B07FB21A68108700A75B9A /* Base */,
			);
			name = LaunchScreen.xib;
			path = VoiceTest;
			sourceTree = "<group>";
		};
/* End PBXVariantGroup section */

/* Begin XCBuildConfiguration section */
		13B07F941A680F5B00A75B9A /* Debug */ = {
			isa = XCBuildConfiguration;
			baseConfigurationReference = 82A49B92D22E6D31C490371D /* Pods-VoiceTest.debug.xcconfig */;
			buildSettings = {
				ASSETCATALOG_COMPILER_APPICON_NAME = AppIcon;
				CURRENT_PROJECT_VERSION = 1;
				DEAD_CODE_STRIPPING = NO;
				DEVELOPMENT_TEAM = C7LNGD4872;
				INFOPLIST_FILE = VoiceTest/Info.plist;
				LD_RUNPATH_SEARCH_PATHS = (
					"$(inherited)",
					"@executable_path/Frameworks",
				);
				OTHER_LDFLAGS = (
					"$(inherited)",
					"-ObjC",
					"-lc++",
				);
				PRODUCT_BUNDLE_IDENTIFIER = com.native.example.VoiceTest;
				PRODUCT_NAME = VoiceTest;
				VERSIONING_SYSTEM = "apple-generic";
			};
			name = Debug;
		};
		13B07F951A680F5B00A75B9A /* Release */ = {
			isa = XCBuildConfiguration;
			baseConfigurationReference = 3F313861BAED832B480131DF /* Pods-VoiceTest.release.xcconfig */;
			buildSettings = {
				ASSETCATALOG_COMPILER_APPICON_NAME = AppIcon;
				CURRENT_PROJECT_VERSION = 1;
				DEVELOPMENT_TEAM = C7LNGD4872;
				INFOPLIST_FILE = VoiceTest/Info.plist;
				LD_RUNPATH_SEARCH_PATHS = (
					"$(inherited)",
					"@executable_path/Frameworks",
				);
				OTHER_LDFLAGS = (
					"$(inherited)",
					"-ObjC",
					"-lc++",
				);
				PRODUCT_BUNDLE_IDENTIFIER = com.native.example.VoiceTest;
				PRODUCT_NAME = VoiceTest;
				VERSIONING_SYSTEM = "apple-generic";
			};
			name = Release;
		};
		83CBBA201A601CBA00E9B192 /* Debug */ = {
			isa = XCBuildConfiguration;
			buildSettings = {
				ALWAYS_SEARCH_USER_PATHS = NO;
				CLANG_ANALYZER_LOCALIZABILITY_NONLOCALIZED = YES;
				CLANG_CXX_LANGUAGE_STANDARD = "gnu++0x";
				CLANG_CXX_LIBRARY = "libc++";
				CLANG_ENABLE_MODULES = YES;
				CLANG_ENABLE_OBJC_ARC = YES;
				CLANG_WARN_BLOCK_CAPTURE_AUTORELEASING = YES;
				CLANG_WARN_BOOL_CONVERSION = YES;
				CLANG_WARN_COMMA = YES;
				CLANG_WARN_CONSTANT_CONVERSION = YES;
				CLANG_WARN_DEPRECATED_OBJC_IMPLEMENTATIONS = YES;
				CLANG_WARN_DIRECT_OBJC_ISA_USAGE = YES_ERROR;
				CLANG_WARN_EMPTY_BODY = YES;
				CLANG_WARN_ENUM_CONVERSION = YES;
				CLANG_WARN_INFINITE_RECURSION = YES;
				CLANG_WARN_INT_CONVERSION = YES;
				CLANG_WARN_NON_LITERAL_NULL_CONVERSION = YES;
				CLANG_WARN_OBJC_IMPLICIT_RETAIN_SELF = YES;
				CLANG_WARN_OBJC_LITERAL_CONVERSION = YES;
				CLANG_WARN_OBJC_ROOT_CLASS = YES_ERROR;
				CLANG_WARN_RANGE_LOOP_ANALYSIS = YES;
				CLANG_WARN_STRICT_PROTOTYPES = YES;
				CLANG_WARN_SUSPICIOUS_MOVE = YES;
				CLANG_WARN_UNREACHABLE_CODE = YES;
				CLANG_WARN__DUPLICATE_METHOD_MATCH = YES;
				"CODE_SIGN_IDENTITY[sdk=iphoneos*]" = "iPhone Developer";
				COPY_PHASE_STRIP = NO;
				ENABLE_STRICT_OBJC_MSGSEND = YES;
				ENABLE_TESTABILITY = YES;
				GCC_C_LANGUAGE_STANDARD = gnu99;
				GCC_DYNAMIC_NO_PIC = NO;
				GCC_NO_COMMON_BLOCKS = YES;
				GCC_OPTIMIZATION_LEVEL = 0;
				GCC_PREPROCESSOR_DEFINITIONS = (
					"DEBUG=1",
					"$(inherited)",
				);
				GCC_SYMBOLS_PRIVATE_EXTERN = NO;
				GCC_WARN_64_TO_32_BIT_CONVERSION = YES;
				GCC_WARN_ABOUT_RETURN_TYPE = YES_ERROR;
				GCC_WARN_UNDECLARED_SELECTOR = YES;
				GCC_WARN_UNINITIALIZED_AUTOS = YES_AGGRESSIVE;
				GCC_WARN_UNUSED_FUNCTION = YES;
				GCC_WARN_UNUSED_VARIABLE = YES;
				IPHONEOS_DEPLOYMENT_TARGET = 12.0;
				MTL_ENABLE_DEBUG_INFO = YES;
				ONLY_ACTIVE_ARCH = YES;
				SDKROOT = iphoneos;
			};
			name = Debug;
		};
		83CBBA211A601CBA00E9B192 /* Release */ = {
			isa = XCBuildConfiguration;
			buildSettings = {
				ALWAYS_SEARCH_USER_PATHS = NO;
				CLANG_ANALYZER_LOCALIZABILITY_NONLOCALIZED = YES;
				CLANG_CXX_LANGUAGE_STANDARD = "gnu++0x";
				CLANG_CXX_LIBRARY = "libc++";
				CLANG_ENABLE_MODULES = YES;
				CLANG_ENABLE_OBJC_ARC = YES;
				CLANG_WARN_BLOCK_CAPTURE_AUTORELEASING = YES;
				CLANG_WARN_BOOL_CONVERSION = YES;
				CLANG_WARN_COMMA = YES;
				CLANG_WARN_CONSTANT_CONVERSION = YES;
				CLANG_WARN_DEPRECATED_OBJC_IMPLEMENTATIONS = YES;
				CLANG_WARN_DIRECT_OBJC_ISA_USAGE = YES_ERROR;
				CLANG_WARN_EMPTY_BODY = YES;
				CLANG_WARN_ENUM_CONVERSION = YES;
				CLANG_WARN_INFINITE_RECURSION = YES;
				CLANG_WARN_INT_CONVERSION = YES;
				CLANG_WARN_NON_LITERAL_NULL_CONVERSION = YES;
				CLANG_WARN_OBJC_IMPLICIT_RETAIN_SELF = YES;
				CLANG_WARN_OBJC_LITERAL_CONVERSION = YES;
				CLANG_WARN_OBJC_ROOT_CLASS = YES_ERROR;
				CLANG_WARN_RANGE_LOOP_ANALYSIS = YES;
				CLANG_WARN_STRICT_PROTOTYPES = YES;
				CLANG_WARN_SUSPICIOUS_MOVE = YES;
				CLANG_WARN_UNREACHABLE_CODE = YES;
				CLANG_WARN__DUPLICATE_METHOD_MATCH = YES;
				"CODE_SIGN_IDENTITY[sdk=iphoneos*]" = "iPhone Developer";
				COPY_PHASE_STRIP = YES;
				ENABLE_NS_ASSERTIONS = NO;
				ENABLE_STRICT_OBJC_MSGSEND = YES;
				GCC_C_LANGUAGE_STANDARD = gnu99;
				GCC_NO_COMMON_BLOCKS = YES;
				GCC_WARN_64_TO_32_BIT_CONVERSION = YES;
				GCC_WARN_ABOUT_RETURN_TYPE = YES_ERROR;
				GCC_WARN_UNDECLARED_SELECTOR = YES;
				GCC_WARN_UNINITIALIZED_AUTOS = YES_AGGRESSIVE;
				GCC_WARN_UNUSED_FUNCTION = YES;
				GCC_WARN_UNUSED_VARIABLE = YES;
				IPHONEOS_DEPLOYMENT_TARGET = 12.0;
				MTL_ENABLE_DEBUG_INFO = NO;
				SDKROOT = iphoneos;
				VALIDATE_PRODUCT = YES;
			};
			name = Release;
		};
/* End XCBuildConfiguration section */

/* Begin XCConfigurationList section */
		13B07F931A680F5B00A75B9A /* Build configuration list for PBXNativeTarget "VoiceTest" */ = {
			isa = XCConfigurationList;
			buildConfigurations = (
				13B07F941A680F5B00A75B9A /* Debug */,
				13B07F951A680F5B00A75B9A /* Release */,
			);
			defaultConfigurationIsVisible = 0;
			defaultConfigurationName = Release;
		};
		83CBB9FA1A601CBA00E9B192 /* Build configuration list for PBXProject "VoiceTest" */ = {
			isa = XCConfigurationList;
			buildConfigurations = (
				83CBBA201A601CBA00E9B192 /* Debug */,
				83CBBA211A601CBA00E9B192 /* Release */,
			);
			defaultConfigurationIsVisible = 0;
			defaultConfigurationName = Release;
		};
/* End XCConfigurationList section */
	};
	rootObject = 83CBB9F71A601CBA00E9B192 /* Project object */;
}
